{
	"name": "rollup-plugin-tailwindcss-multiple-classes",
	"version": "1.0.0",
	"lockfileVersion": 3,
	"requires": true,
	"packages": {
		"": {
			"name": "rollup-plugin-tailwindcss-multiple-classes",
			"version": "1.0.0",
			"license": "ISC",
			"dependencies": {
				"tailwindcss-multiple-classes": "^1.0.6"
			}
		},
		"node_modules/tailwindcss-multiple-classes": {
			"version": "1.0.6",
			"resolved": "https://registry.npmjs.org/tailwindcss-multiple-classes/-/tailwindcss-multiple-classes-1.0.6.tgz",
			"integrity": "sha512-tl9r+a0wt5mHTs0TZ7d8bHQPzfdAfaqECZO3LievsKpOM3BXFY0gTDKZswxTnUQOIELBKxRJzYzsHtJoN7dxOA==",
			"license": "ISC"
		}
	}
}
